
Microsoft Visual Studio Solution File, Format Version 10.00
# Visual Studio 2008
Project("{FAE04EC0-301F-11D3-BF4B-00C04F79EFBC}") = "ForceWirelessOn", "ForceWirelessOn\ForceWirelessOn.csproj", "{C3C72FE4-4D63-48CC-82A0-DABEFB5098DA}"
EndProject
Project("{8BC9CEB8-8B4A-11D0-8D11-00A0C91BC942}") = "ForceWirelessOnW32", "ForceWirelessOnW32\ForceWirelessOnW32.vcproj", "{B18A92D7-361E-4BB0-9A60-22367A266BF3}"
EndProject
Project("{FAE04EC0-301F-11D3-BF4B-00C04F79EFBC}") = "udpListener", "udpListener\udpListener.csproj", "{C2B02CC6-56A3-4F9D-8E00-ADC8E7AF82D7}"
EndProject
Global
	GlobalSection(SolutionConfigurationPlatforms) = preSolution
		Debug|Any CPU = Debug|Any CPU
		Debug|Mixed Platforms = Debug|Mixed Platforms
		Debug|Windows Mobile 6.5.3 Professional DTK (ARMV4I) = Debug|Windows Mobile 6.5.3 Professional DTK (ARMV4I)
		Release|Any CPU = Release|Any CPU
		Release|Mixed Platforms = Release|Mixed Platforms
		Release|Windows Mobile 6.5.3 Professional DTK (ARMV4I) = Release|Windows Mobile 6.5.3 Professional DTK (ARMV4I)
	EndGlobalSection
	GlobalSection(ProjectConfigurationPlatforms) = postSolution
		{C3C72FE4-4D63-48CC-82A0-DABEFB5098DA}.Debug|Any CPU.ActiveCfg = Debug|Any CPU
		{C3C72FE4-4D63-48CC-82A0-DABEFB5098DA}.Debug|Any CPU.Build.0 = Debug|Any CPU
		{C3C72FE4-4D63-48CC-82A0-DABEFB5098DA}.Debug|Any CPU.Deploy.0 = Debug|Any CPU
		{C3C72FE4-4D63-48CC-82A0-DABEFB5098DA}.Debug|Mixed Platforms.ActiveCfg = Debug|Any CPU
		{C3C72FE4-4D63-48CC-82A0-DABEFB5098DA}.Debug|Windows Mobile 6.5.3 Professional DTK (ARMV4I).ActiveCfg = Debug|Any CPU
		{C3C72FE4-4D63-48CC-82A0-DABEFB5098DA}.Release|Any CPU.ActiveCfg = Release|Any CPU
		{C3C72FE4-4D63-48CC-82A0-DABEFB5098DA}.Release|Any CPU.Build.0 = Release|Any CPU
		{C3C72FE4-4D63-48CC-82A0-DABEFB5098DA}.Release|Any CPU.Deploy.0 = Release|Any CPU
		{C3C72FE4-4D63-48CC-82A0-DABEFB5098DA}.Release|Mixed Platforms.ActiveCfg = Release|Any CPU
		{C3C72FE4-4D63-48CC-82A0-DABEFB5098DA}.Release|Mixed Platforms.Build.0 = Release|Any CPU
		{C3C72FE4-4D63-48CC-82A0-DABEFB5098DA}.Release|Mixed Platforms.Deploy.0 = Release|Any CPU
		{C3C72FE4-4D63-48CC-82A0-DABEFB5098DA}.Release|Windows Mobile 6.5.3 Professional DTK (ARMV4I).ActiveCfg = Release|Any CPU
		{B18A92D7-361E-4BB0-9A60-22367A266BF3}.Debug|Any CPU.ActiveCfg = Debug|Windows Mobile 6.5.3 Professional DTK (ARMV4I)
		{B18A92D7-361E-4BB0-9A60-22367A266BF3}.Debug|Mixed Platforms.ActiveCfg = Debug|Windows Mobile 6.5.3 Professional DTK (ARMV4I)
		{B18A92D7-361E-4BB0-9A60-22367A266BF3}.Debug|Mixed Platforms.Build.0 = Debug|Windows Mobile 6.5.3 Professional DTK (ARMV4I)
		{B18A92D7-361E-4BB0-9A60-22367A266BF3}.Debug|Mixed Platforms.Deploy.0 = Debug|Windows Mobile 6.5.3 Professional DTK (ARMV4I)
		{B18A92D7-361E-4BB0-9A60-22367A266BF3}.Debug|Windows Mobile 6.5.3 Professional DTK (ARMV4I).ActiveCfg = Debug|Windows Mobile 6.5.3 Professional DTK (ARMV4I)
		{B18A92D7-361E-4BB0-9A60-22367A266BF3}.Debug|Windows Mobile 6.5.3 Professional DTK (ARMV4I).Build.0 = Debug|Windows Mobile 6.5.3 Professional DTK (ARMV4I)
		{B18A92D7-361E-4BB0-9A60-22367A266BF3}.Debug|Windows Mobile 6.5.3 Professional DTK (ARMV4I).Deploy.0 = Debug|Windows Mobile 6.5.3 Professional DTK (ARMV4I)
		{B18A92D7-361E-4BB0-9A60-22367A266BF3}.Release|Any CPU.ActiveCfg = Release|Windows Mobile 6.5.3 Professional DTK (ARMV4I)
		{B18A92D7-361E-4BB0-9A60-22367A266BF3}.Release|Mixed Platforms.ActiveCfg = Release|Windows Mobile 6.5.3 Professional DTK (ARMV4I)
		{B18A92D7-361E-4BB0-9A60-22367A266BF3}.Release|Mixed Platforms.Build.0 = Release|Windows Mobile 6.5.3 Professional DTK (ARMV4I)
		{B18A92D7-361E-4BB0-9A60-22367A266BF3}.Release|Mixed Platforms.Deploy.0 = Release|Windows Mobile 6.5.3 Professional DTK (ARMV4I)
		{B18A92D7-361E-4BB0-9A60-22367A266BF3}.Release|Windows Mobile 6.5.3 Professional DTK (ARMV4I).ActiveCfg = Release|Windows Mobile 6.5.3 Professional DTK (ARMV4I)
		{B18A92D7-361E-4BB0-9A60-22367A266BF3}.Release|Windows Mobile 6.5.3 Professional DTK (ARMV4I).Build.0 = Release|Windows Mobile 6.5.3 Professional DTK (ARMV4I)
		{B18A92D7-361E-4BB0-9A60-22367A266BF3}.Release|Windows Mobile 6.5.3 Professional DTK (ARMV4I).Deploy.0 = Release|Windows Mobile 6.5.3 Professional DTK (ARMV4I)
		{C2B02CC6-56A3-4F9D-8E00-ADC8E7AF82D7}.Debug|Any CPU.ActiveCfg = Debug|Any CPU
		{C2B02CC6-56A3-4F9D-8E00-ADC8E7AF82D7}.Debug|Any CPU.Build.0 = Debug|Any CPU
		{C2B02CC6-56A3-4F9D-8E00-ADC8E7AF82D7}.Debug|Any CPU.Deploy.0 = Debug|Any CPU
		{C2B02CC6-56A3-4F9D-8E00-ADC8E7AF82D7}.Debug|Mixed Platforms.ActiveCfg = Debug|Any CPU
		{C2B02CC6-56A3-4F9D-8E00-ADC8E7AF82D7}.Debug|Mixed Platforms.Build.0 = Debug|Any CPU
		{C2B02CC6-56A3-4F9D-8E00-ADC8E7AF82D7}.Debug|Mixed Platforms.Deploy.0 = Debug|Any CPU
		{C2B02CC6-56A3-4F9D-8E00-ADC8E7AF82D7}.Debug|Windows Mobile 6.5.3 Professional DTK (ARMV4I).ActiveCfg = Debug|Any CPU
		{C2B02CC6-56A3-4F9D-8E00-ADC8E7AF82D7}.Release|Any CPU.ActiveCfg = Release|Any CPU
		{C2B02CC6-56A3-4F9D-8E00-ADC8E7AF82D7}.Release|Any CPU.Build.0 = Release|Any CPU
		{C2B02CC6-56A3-4F9D-8E00-ADC8E7AF82D7}.Release|Any CPU.Deploy.0 = Release|Any CPU
		{C2B02CC6-56A3-4F9D-8E00-ADC8E7AF82D7}.Release|Mixed Platforms.ActiveCfg = Release|Any CPU
		{C2B02CC6-56A3-4F9D-8E00-ADC8E7AF82D7}.Release|Mixed Platforms.Build.0 = Release|Any CPU
		{C2B02CC6-56A3-4F9D-8E00-ADC8E7AF82D7}.Release|Mixed Platforms.Deploy.0 = Release|Any CPU
		{C2B02CC6-56A3-4F9D-8E00-ADC8E7AF82D7}.Release|Windows Mobile 6.5.3 Professional DTK (ARMV4I).ActiveCfg = Release|Any CPU
	EndGlobalSection
	GlobalSection(SolutionProperties) = preSolution
		HideSolutionNode = FALSE
	EndGlobalSection
EndGlobal
